Microsoft Visual Studio Solution File, Format Version 11.00
# Visual Studio 2010
Project("{FAE04EC0-301F-11D3-BF4B-00C04F79EFBC}") = "PrzykladHandel", "PrzykladHandel.csproj", "{12EFC5DB-1023-4462-9A24-41F8B265A695}"
EndProject
Global
	GlobalSection(TeamFoundationVersionControl) = preSolution
		SccNumberOfProjects = 2
		SccEnterpriseProvider = {4CA58AB2-18FA-4F8D-95D4-32DDF27D184C}
		SccTeamFoundationServer = http://tfs:8080/
		SccLocalPath0 = .
		SccProjectUniqueName1 = PrzykladHandel.csproj
		SccLocalPath1 = .
	EndGlobalSection
	GlobalSection(SolutionConfigurationPlatforms) = preSolution
		Debug|Any CPU = Debug|Any CPU
		Release|Any CPU = Release|Any CPU
	EndGlobalSection
	GlobalSection(ProjectConfigurationPlatforms) = postSolution
		{12EFC5DB-1023-4462-9A24-41F8B265A695}.Debug|Any CPU.ActiveCfg = Debug|Any CPU
		{12EFC5DB-1023-4462-9A24-41F8B265A695}.Debug|Any CPU.Build.0 = Debug|Any CPU
		{12EFC5DB-1023-4462-9A24-41F8B265A695}.Release|Any CPU.ActiveCfg = Release|Any CPU
		{12EFC5DB-1023-4462-9A24-41F8B265A695}.Release|Any CPU.Build.0 = Release|Any CPU
	EndGlobalSection
	GlobalSection(SolutionProperties) = preSolution
		HideSolutionNode = FALSE
	EndGlobalSection
EndGlobal
